
Microsoft Visual Studio Solution File, Format Version 12.00
# Visual Studio Version 17
VisualStudioVersion = 17.7.34202.233
MinimumVisualStudioVersion = 10.0.40219.1
Project("{FAE04EC0-301F-11D3-BF4B-00C04F79EFBC}") = "MyWebSiteMVC", "MyWebSiteMVC.csproj", "{F4BAE535-E899-4129-928A-4E99E83093FC}"
EndProject
Global
	GlobalSection(SolutionConfigurationPlatforms) = preSolution
		Debug|Any CPU = Debug|Any CPU
		Release|Any CPU = Release|Any CPU
	EndGlobalSection
	GlobalSection(ProjectConfigurationPlatforms) = postSolution
		{F4BAE535-E899-4129-928A-4E99E83093FC}.Debug|Any CPU.ActiveCfg = Debug|Any CPU
		{F4BAE535-E899-4129-928A-4E99E83093FC}.Debug|Any CPU.Build.0 = Debug|Any CPU
		{F4BAE535-E899-4129-928A-4E99E83093FC}.Release|Any CPU.ActiveCfg = Release|Any CPU
		{F4BAE535-E899-4129-928A-4E99E83093FC}.Release|Any CPU.Build.0 = Release|Any CPU
	EndGlobalSection
	GlobalSection(SolutionProperties) = preSolution
		HideSolutionNode = FALSE
	EndGlobalSection
	GlobalSection(ExtensibilityGlobals) = postSolution
		SolutionGuid = {A49F4986-94D1-40A8-BF45-1F5B7F019DA5}
	EndGlobalSection
EndGlobal
